
Microsoft Visual Studio Solution File, Format Version 12.00
# Visual Studio Version 16
VisualStudioVersion = 16.0.30104.148
MinimumVisualStudioVersion = 10.0.40219.1
Project("{9A19103F-16F7-4668-BE54-9A1E7A4F7556}") = "Commander", "Commander.csproj", "{52767AFF-8356-4069-B137-648DCABAF353}"
EndProject
Global
	GlobalSection(SolutionConfigurationPlatforms) = preSolution
		Debug|Any CPU = Debug|Any CPU
		Release|Any CPU = Release|Any CPU
	EndGlobalSection
	GlobalSection(ProjectConfigurationPlatforms) = postSolution
		{52767AFF-8356-4069-B137-648DCABAF353}.Debug|Any CPU.ActiveCfg = Debug|Any CPU
		{52767AFF-8356-4069-B137-648DCABAF353}.Debug|Any CPU.Build.0 = Debug|Any CPU
		{52767AFF-8356-4069-B137-648DCABAF353}.Release|Any CPU.ActiveCfg = Release|Any CPU
		{52767AFF-8356-4069-B137-648DCABAF353}.Release|Any CPU.Build.0 = Release|Any CPU
	EndGlobalSection
	GlobalSection(SolutionProperties) = preSolution
		HideSolutionNode = FALSE
	EndGlobalSection
	GlobalSection(ExtensibilityGlobals) = postSolution
		SolutionGuid = {D0FD5A41-588E-4B8B-A76F-743B8CD4AF31}
	EndGlobalSection
EndGlobal
